
Microsoft Visual Studio Solution File, Format Version 12.00
# Visual Studio Version 17
VisualStudioVersion = 17.4.33103.184
MinimumVisualStudioVersion = 10.0.40219.1
Project("{FAE04EC0-301F-11D3-BF4B-00C04F79EFBC}") = "MyProject", "MyProject.csproj", "{C359B23E-61F8-43C5-B37B-4B84EE984B59}"
EndProject
Global
	GlobalSection(SolutionConfigurationPlatforms) = preSolution
		Debug|Any CPU = Debug|Any CPU
		Release|Any CPU = Release|Any CPU
	EndGlobalSection
	GlobalSection(ProjectConfigurationPlatforms) = postSolution
		{C359B23E-61F8-43C5-B37B-4B84EE984B59}.Debug|Any CPU.ActiveCfg = Debug|Any CPU
		{C359B23E-61F8-43C5-B37B-4B84EE984B59}.Debug|Any CPU.Build.0 = Debug|Any CPU
		{C359B23E-61F8-43C5-B37B-4B84EE984B59}.Release|Any CPU.ActiveCfg = Release|Any CPU
		{C359B23E-61F8-43C5-B37B-4B84EE984B59}.Release|Any CPU.Build.0 = Release|Any CPU
	EndGlobalSection
	GlobalSection(SolutionProperties) = preSolution
		HideSolutionNode = FALSE
	EndGlobalSection
	GlobalSection(ExtensibilityGlobals) = postSolution
		SolutionGuid = {4385361D-9983-41B2-8E83-D08B6F1325EB}
	EndGlobalSection
EndGlobal
